
Microsoft Visual Studio Solution File, Format Version 12.00
# Visual Studio 15
VisualStudioVersion = 15.0.28307.102
MinimumVisualStudioVersion = 10.0.40219.1
Project("{FAE04EC0-301F-11D3-BF4B-00C04F79EFBC}") = "AOC_2018", "AOC_2018\AOC_2018.csproj", "{93D145E8-08EF-4FF6-BCF2-20F261479B4B}"
EndProject
Global
	GlobalSection(SolutionConfigurationPlatforms) = preSolution
		Debug|Any CPU = Debug|Any CPU
		Release|Any CPU = Release|Any CPU
	EndGlobalSection
	GlobalSection(ProjectConfigurationPlatforms) = postSolution
		{93D145E8-08EF-4FF6-BCF2-20F261479B4B}.Debug|Any CPU.ActiveCfg = Debug|Any CPU
		{93D145E8-08EF-4FF6-BCF2-20F261479B4B}.Debug|Any CPU.Build.0 = Debug|Any CPU
		{93D145E8-08EF-4FF6-BCF2-20F261479B4B}.Release|Any CPU.ActiveCfg = Release|Any CPU
		{93D145E8-08EF-4FF6-BCF2-20F261479B4B}.Release|Any CPU.Build.0 = Release|Any CPU
	EndGlobalSection
	GlobalSection(SolutionProperties) = preSolution
		HideSolutionNode = FALSE
	EndGlobalSection
	GlobalSection(ExtensibilityGlobals) = postSolution
		SolutionGuid = {F0696D48-DA4E-491F-BF9A-5A3BF3B25C98}
	EndGlobalSection
EndGlobal
